
Microsoft Visual Studio Solution File, Format Version 12.00
# Visual Studio Version 17
VisualStudioVersion = 17.6.33829.357
MinimumVisualStudioVersion = 10.0.40219.1
Project("{2150E333-8FDC-42A3-9474-1A3956D46DE8}") = "src", "src", "{4415BA22-AB04-4B40-9556-9BEEC52B7680}"
EndProject
Project("{2150E333-8FDC-42A3-9474-1A3956D46DE8}") = "tests", "tests", "{9CF19716-AF3B-4AA7-A156-F349513668D1}"
EndProject
Project("{2150E333-8FDC-42A3-9474-1A3956D46DE8}") = "Bootstrapper", "Bootstrapper", "{DC6AA8F6-4C25-43F1-8B14-5213A7373B6A}"
EndProject
Project("{2150E333-8FDC-42A3-9474-1A3956D46DE8}") = "Modules", "Modules", "{D5F26C32-E832-4356-882E-DD524405AA16}"
EndProject
Project("{2150E333-8FDC-42A3-9474-1A3956D46DE8}") = "Shared", "Shared", "{FA98E48A-B72A-4AFA-93EA-0C8F3BF50853}"
EndProject
Project("{FAE04EC0-301F-11D3-BF4B-00C04F79EFBC}") = "Edux.Shared.Abstractions", "src\Shared\Edux.Shared.Abstractions\Edux.Shared.Abstractions.csproj", "{BCCCEAC0-8A85-4F4A-BDF9-F37CB226DEFC}"
EndProject
Project("{FAE04EC0-301F-11D3-BF4B-00C04F79EFBC}") = "Edux.Shared.Infrastructure", "src\Shared\Edux.Shared.Infrastructure\Edux.Shared.Infrastructure.csproj", "{E01EBFE5-C6E3-418B-B092-BAFDCBA5710D}"
EndProject
Project("{FAE04EC0-301F-11D3-BF4B-00C04F79EFBC}") = "Edux.Shared.Tests", "src\Shared\Edux.Shared.Tests\Edux.Shared.Tests.csproj", "{11ABC7A8-6167-4133-A7B2-F851EABF5DA9}"
EndProject
Global
	GlobalSection(SolutionConfigurationPlatforms) = preSolution
		Debug|Any CPU = Debug|Any CPU
		Release|Any CPU = Release|Any CPU
	EndGlobalSection
	GlobalSection(ProjectConfigurationPlatforms) = postSolution
		{BCCCEAC0-8A85-4F4A-BDF9-F37CB226DEFC}.Debug|Any CPU.ActiveCfg = Debug|Any CPU
		{BCCCEAC0-8A85-4F4A-BDF9-F37CB226DEFC}.Debug|Any CPU.Build.0 = Debug|Any CPU
		{BCCCEAC0-8A85-4F4A-BDF9-F37CB226DEFC}.Release|Any CPU.ActiveCfg = Release|Any CPU
		{BCCCEAC0-8A85-4F4A-BDF9-F37CB226DEFC}.Release|Any CPU.Build.0 = Release|Any CPU
		{E01EBFE5-C6E3-418B-B092-BAFDCBA5710D}.Debug|Any CPU.ActiveCfg = Debug|Any CPU
		{E01EBFE5-C6E3-418B-B092-BAFDCBA5710D}.Debug|Any CPU.Build.0 = Debug|Any CPU
		{E01EBFE5-C6E3-418B-B092-BAFDCBA5710D}.Release|Any CPU.ActiveCfg = Release|Any CPU
		{E01EBFE5-C6E3-418B-B092-BAFDCBA5710D}.Release|Any CPU.Build.0 = Release|Any CPU
		{11ABC7A8-6167-4133-A7B2-F851EABF5DA9}.Debug|Any CPU.ActiveCfg = Debug|Any CPU
		{11ABC7A8-6167-4133-A7B2-F851EABF5DA9}.Debug|Any CPU.Build.0 = Debug|Any CPU
		{11ABC7A8-6167-4133-A7B2-F851EABF5DA9}.Release|Any CPU.ActiveCfg = Release|Any CPU
		{11ABC7A8-6167-4133-A7B2-F851EABF5DA9}.Release|Any CPU.Build.0 = Release|Any CPU
	EndGlobalSection
	GlobalSection(SolutionProperties) = preSolution
		HideSolutionNode = FALSE
	EndGlobalSection
	GlobalSection(NestedProjects) = preSolution
		{DC6AA8F6-4C25-43F1-8B14-5213A7373B6A} = {4415BA22-AB04-4B40-9556-9BEEC52B7680}
		{D5F26C32-E832-4356-882E-DD524405AA16} = {4415BA22-AB04-4B40-9556-9BEEC52B7680}
		{FA98E48A-B72A-4AFA-93EA-0C8F3BF50853} = {4415BA22-AB04-4B40-9556-9BEEC52B7680}
		{BCCCEAC0-8A85-4F4A-BDF9-F37CB226DEFC} = {FA98E48A-B72A-4AFA-93EA-0C8F3BF50853}
		{E01EBFE5-C6E3-418B-B092-BAFDCBA5710D} = {FA98E48A-B72A-4AFA-93EA-0C8F3BF50853}
		{11ABC7A8-6167-4133-A7B2-F851EABF5DA9} = {FA98E48A-B72A-4AFA-93EA-0C8F3BF50853}
	EndGlobalSection
	GlobalSection(ExtensibilityGlobals) = postSolution
		SolutionGuid = {51C71476-2300-4E0F-B132-2DC45395862F}
	EndGlobalSection
EndGlobal
