
Microsoft Visual Studio Solution File, Format Version 12.00
# Visual Studio Version 17
VisualStudioVersion = 17.6.33829.357
MinimumVisualStudioVersion = 10.0.40219.1
Project("{2150E333-8FDC-42A3-9474-1A3956D46DE8}") = "src", "src", "{4415BA22-AB04-4B40-9556-9BEEC52B7680}"
EndProject
Project("{2150E333-8FDC-42A3-9474-1A3956D46DE8}") = "tests", "tests", "{9CF19716-AF3B-4AA7-A156-F349513668D1}"
EndProject
Project("{2150E333-8FDC-42A3-9474-1A3956D46DE8}") = "Bootstrapper", "Bootstrapper", "{DC6AA8F6-4C25-43F1-8B14-5213A7373B6A}"
EndProject
Project("{2150E333-8FDC-42A3-9474-1A3956D46DE8}") = "Modules", "Modules", "{D5F26C32-E832-4356-882E-DD524405AA16}"
EndProject
Project("{2150E333-8FDC-42A3-9474-1A3956D46DE8}") = "Shared", "Shared", "{FA98E48A-B72A-4AFA-93EA-0C8F3BF50853}"
EndProject
Project("{9A19103F-16F7-4668-BE54-9A1E7A4F7556}") = "Edux.Shared.Abstractions", "src\Shared\Edux.Shared.Abstractions\Edux.Shared.Abstractions.csproj", "{BCCCEAC0-8A85-4F4A-BDF9-F37CB226DEFC}"
EndProject
Project("{9A19103F-16F7-4668-BE54-9A1E7A4F7556}") = "Edux.Shared.Infrastructure", "src\Shared\Edux.Shared.Infrastructure\Edux.Shared.Infrastructure.csproj", "{E01EBFE5-C6E3-418B-B092-BAFDCBA5710D}"
EndProject
Project("{9A19103F-16F7-4668-BE54-9A1E7A4F7556}") = "Edux.Shared.Tests", "src\Shared\Edux.Shared.Tests\Edux.Shared.Tests.csproj", "{11ABC7A8-6167-4133-A7B2-F851EABF5DA9}"
EndProject
Project("{2150E333-8FDC-42A3-9474-1A3956D46DE8}") = "Users", "Users", "{E57BF411-12F6-4F36-8663-7F279A654562}"
EndProject
Project("{9A19103F-16F7-4668-BE54-9A1E7A4F7556}") = "Edux.Modules.Users.Api", "src\Modules\Users\Edux.Modules.Users.Api\Edux.Modules.Users.Api.csproj", "{7B112C65-0F08-4A40-98C8-F6AC5C5C30F7}"
EndProject
Project("{9A19103F-16F7-4668-BE54-9A1E7A4F7556}") = "Edux.Modules.Users.Application", "src\Modules\Users\Edux.Modules.Users.Application\Edux.Modules.Users.Application.csproj", "{99C27796-B96F-464D-9491-DED182DEDB21}"
EndProject
Project("{9A19103F-16F7-4668-BE54-9A1E7A4F7556}") = "Edux.Modules.Users.Core", "src\Modules\Users\Edux.Modules.Users.Core\Edux.Modules.Users.Core.csproj", "{0BAFE2BD-59A3-4B94-A55B-DDBADB523B29}"
EndProject
Project("{9A19103F-16F7-4668-BE54-9A1E7A4F7556}") = "Edux.Modules.Users.Infrastructure", "src\Modules\Users\Edux.Modules.Users.Infrastructure\Edux.Modules.Users.Infrastructure.csproj", "{5B01AF12-42A2-4305-A918-250135D2D45E}"
EndProject
Project("{9A19103F-16F7-4668-BE54-9A1E7A4F7556}") = "Edux.Bootstrapper", "src\Bootstrapper\Edux.Bootstrapper\Edux.Bootstrapper.csproj", "{45E224E1-0F66-4D11-8ED3-255FBBA1251F}"
EndProject
Project("{9A19103F-16F7-4668-BE54-9A1E7A4F7556}") = "Edux.Modules.Users.Tests.Integration", "tests\Modules\Users\Edux.Modules.Users.Tests.Integration\Edux.Modules.Users.Tests.Integration.csproj", "{DBD0B37D-B6CC-4102-A39F-3431BCA3CEB3}"
EndProject
Project("{9A19103F-16F7-4668-BE54-9A1E7A4F7556}") = "Edux.Modules.Users.Tests.Unit", "tests\Modules\Users\Edux.Modules.Users.Tests.Unit\Edux.Modules.Users.Tests.Unit.csproj", "{6CD946DF-3121-457A-93F3-751C55E41DEC}"
EndProject
Project("{9A19103F-16F7-4668-BE54-9A1E7A4F7556}") = "Edux.Modules.Users.Tests.EndToEnd", "tests\Modules\Users\Edux.Modules.Users.Tests.EndToEnd\Edux.Modules.Users.Tests.EndToEnd.csproj", "{BED751FA-854D-4FC4-833F-96BCC84F58CB}"
EndProject
Project("{FAE04EC0-301F-11D3-BF4B-00C04F79EFBC}") = "Edux.Modules.Users.Tests.Performance", "tests\Modules\Users\Edux.Modules.Users.Tests.Performance\Edux.Modules.Users.Tests.Performance.csproj", "{A71E77F2-F377-4118-8B47-23286F6A1F2D}"
EndProject
Project("{2150E333-8FDC-42A3-9474-1A3956D46DE8}") = "APIGateway", "APIGateway", "{FFCB3F47-17EB-40D5-9F28-E7F7E48E82A2}"
EndProject
Project("{FAE04EC0-301F-11D3-BF4B-00C04F79EFBC}") = "Edux.APIGateway", "src\APIGateway\Edux.APIGateway\Edux.APIGateway.csproj", "{EACCF4B1-BAA7-4C41-9812-99339127450C}"
EndProject
Global
	GlobalSection(SolutionConfigurationPlatforms) = preSolution
		Debug|Any CPU = Debug|Any CPU
		Release|Any CPU = Release|Any CPU
	EndGlobalSection
	GlobalSection(ProjectConfigurationPlatforms) = postSolution
		{BCCCEAC0-8A85-4F4A-BDF9-F37CB226DEFC}.Debug|Any CPU.ActiveCfg = Debug|Any CPU
		{BCCCEAC0-8A85-4F4A-BDF9-F37CB226DEFC}.Debug|Any CPU.Build.0 = Debug|Any CPU
		{BCCCEAC0-8A85-4F4A-BDF9-F37CB226DEFC}.Release|Any CPU.ActiveCfg = Release|Any CPU
		{BCCCEAC0-8A85-4F4A-BDF9-F37CB226DEFC}.Release|Any CPU.Build.0 = Release|Any CPU
		{E01EBFE5-C6E3-418B-B092-BAFDCBA5710D}.Debug|Any CPU.ActiveCfg = Debug|Any CPU
		{E01EBFE5-C6E3-418B-B092-BAFDCBA5710D}.Debug|Any CPU.Build.0 = Debug|Any CPU
		{E01EBFE5-C6E3-418B-B092-BAFDCBA5710D}.Release|Any CPU.ActiveCfg = Release|Any CPU
		{E01EBFE5-C6E3-418B-B092-BAFDCBA5710D}.Release|Any CPU.Build.0 = Release|Any CPU
		{11ABC7A8-6167-4133-A7B2-F851EABF5DA9}.Debug|Any CPU.ActiveCfg = Debug|Any CPU
		{11ABC7A8-6167-4133-A7B2-F851EABF5DA9}.Debug|Any CPU.Build.0 = Debug|Any CPU
		{11ABC7A8-6167-4133-A7B2-F851EABF5DA9}.Release|Any CPU.ActiveCfg = Release|Any CPU
		{11ABC7A8-6167-4133-A7B2-F851EABF5DA9}.Release|Any CPU.Build.0 = Release|Any CPU
		{7B112C65-0F08-4A40-98C8-F6AC5C5C30F7}.Debug|Any CPU.ActiveCfg = Debug|Any CPU
		{7B112C65-0F08-4A40-98C8-F6AC5C5C30F7}.Debug|Any CPU.Build.0 = Debug|Any CPU
		{7B112C65-0F08-4A40-98C8-F6AC5C5C30F7}.Release|Any CPU.ActiveCfg = Release|Any CPU
		{7B112C65-0F08-4A40-98C8-F6AC5C5C30F7}.Release|Any CPU.Build.0 = Release|Any CPU
		{99C27796-B96F-464D-9491-DED182DEDB21}.Debug|Any CPU.ActiveCfg = Debug|Any CPU
		{99C27796-B96F-464D-9491-DED182DEDB21}.Debug|Any CPU.Build.0 = Debug|Any CPU
		{99C27796-B96F-464D-9491-DED182DEDB21}.Release|Any CPU.ActiveCfg = Release|Any CPU
		{99C27796-B96F-464D-9491-DED182DEDB21}.Release|Any CPU.Build.0 = Release|Any CPU
		{0BAFE2BD-59A3-4B94-A55B-DDBADB523B29}.Debug|Any CPU.ActiveCfg = Debug|Any CPU
		{0BAFE2BD-59A3-4B94-A55B-DDBADB523B29}.Debug|Any CPU.Build.0 = Debug|Any CPU
		{0BAFE2BD-59A3-4B94-A55B-DDBADB523B29}.Release|Any CPU.ActiveCfg = Release|Any CPU
		{0BAFE2BD-59A3-4B94-A55B-DDBADB523B29}.Release|Any CPU.Build.0 = Release|Any CPU
		{5B01AF12-42A2-4305-A918-250135D2D45E}.Debug|Any CPU.ActiveCfg = Debug|Any CPU
		{5B01AF12-42A2-4305-A918-250135D2D45E}.Debug|Any CPU.Build.0 = Debug|Any CPU
		{5B01AF12-42A2-4305-A918-250135D2D45E}.Release|Any CPU.ActiveCfg = Release|Any CPU
		{5B01AF12-42A2-4305-A918-250135D2D45E}.Release|Any CPU.Build.0 = Release|Any CPU
		{45E224E1-0F66-4D11-8ED3-255FBBA1251F}.Debug|Any CPU.ActiveCfg = Debug|Any CPU
		{45E224E1-0F66-4D11-8ED3-255FBBA1251F}.Debug|Any CPU.Build.0 = Debug|Any CPU
		{45E224E1-0F66-4D11-8ED3-255FBBA1251F}.Release|Any CPU.ActiveCfg = Release|Any CPU
		{45E224E1-0F66-4D11-8ED3-255FBBA1251F}.Release|Any CPU.Build.0 = Release|Any CPU
		{DBD0B37D-B6CC-4102-A39F-3431BCA3CEB3}.Debug|Any CPU.ActiveCfg = Debug|Any CPU
		{DBD0B37D-B6CC-4102-A39F-3431BCA3CEB3}.Debug|Any CPU.Build.0 = Debug|Any CPU
		{DBD0B37D-B6CC-4102-A39F-3431BCA3CEB3}.Release|Any CPU.ActiveCfg = Release|Any CPU
		{DBD0B37D-B6CC-4102-A39F-3431BCA3CEB3}.Release|Any CPU.Build.0 = Release|Any CPU
		{6CD946DF-3121-457A-93F3-751C55E41DEC}.Debug|Any CPU.ActiveCfg = Debug|Any CPU
		{6CD946DF-3121-457A-93F3-751C55E41DEC}.Debug|Any CPU.Build.0 = Debug|Any CPU
		{6CD946DF-3121-457A-93F3-751C55E41DEC}.Release|Any CPU.ActiveCfg = Release|Any CPU
		{6CD946DF-3121-457A-93F3-751C55E41DEC}.Release|Any CPU.Build.0 = Release|Any CPU
		{BED751FA-854D-4FC4-833F-96BCC84F58CB}.Debug|Any CPU.ActiveCfg = Debug|Any CPU
		{BED751FA-854D-4FC4-833F-96BCC84F58CB}.Debug|Any CPU.Build.0 = Debug|Any CPU
		{BED751FA-854D-4FC4-833F-96BCC84F58CB}.Release|Any CPU.ActiveCfg = Release|Any CPU
		{BED751FA-854D-4FC4-833F-96BCC84F58CB}.Release|Any CPU.Build.0 = Release|Any CPU
		{A71E77F2-F377-4118-8B47-23286F6A1F2D}.Debug|Any CPU.ActiveCfg = Debug|Any CPU
		{A71E77F2-F377-4118-8B47-23286F6A1F2D}.Debug|Any CPU.Build.0 = Debug|Any CPU
		{A71E77F2-F377-4118-8B47-23286F6A1F2D}.Release|Any CPU.ActiveCfg = Release|Any CPU
		{A71E77F2-F377-4118-8B47-23286F6A1F2D}.Release|Any CPU.Build.0 = Release|Any CPU
		{EACCF4B1-BAA7-4C41-9812-99339127450C}.Debug|Any CPU.ActiveCfg = Debug|Any CPU
		{EACCF4B1-BAA7-4C41-9812-99339127450C}.Debug|Any CPU.Build.0 = Debug|Any CPU
		{EACCF4B1-BAA7-4C41-9812-99339127450C}.Release|Any CPU.ActiveCfg = Release|Any CPU
		{EACCF4B1-BAA7-4C41-9812-99339127450C}.Release|Any CPU.Build.0 = Release|Any CPU
	EndGlobalSection
	GlobalSection(SolutionProperties) = preSolution
		HideSolutionNode = FALSE
	EndGlobalSection
	GlobalSection(NestedProjects) = preSolution
		{DC6AA8F6-4C25-43F1-8B14-5213A7373B6A} = {4415BA22-AB04-4B40-9556-9BEEC52B7680}
		{D5F26C32-E832-4356-882E-DD524405AA16} = {4415BA22-AB04-4B40-9556-9BEEC52B7680}
		{FA98E48A-B72A-4AFA-93EA-0C8F3BF50853} = {4415BA22-AB04-4B40-9556-9BEEC52B7680}
		{BCCCEAC0-8A85-4F4A-BDF9-F37CB226DEFC} = {FA98E48A-B72A-4AFA-93EA-0C8F3BF50853}
		{E01EBFE5-C6E3-418B-B092-BAFDCBA5710D} = {FA98E48A-B72A-4AFA-93EA-0C8F3BF50853}
		{11ABC7A8-6167-4133-A7B2-F851EABF5DA9} = {FA98E48A-B72A-4AFA-93EA-0C8F3BF50853}
		{E57BF411-12F6-4F36-8663-7F279A654562} = {D5F26C32-E832-4356-882E-DD524405AA16}
		{7B112C65-0F08-4A40-98C8-F6AC5C5C30F7} = {E57BF411-12F6-4F36-8663-7F279A654562}
		{99C27796-B96F-464D-9491-DED182DEDB21} = {E57BF411-12F6-4F36-8663-7F279A654562}
		{0BAFE2BD-59A3-4B94-A55B-DDBADB523B29} = {E57BF411-12F6-4F36-8663-7F279A654562}
		{5B01AF12-42A2-4305-A918-250135D2D45E} = {E57BF411-12F6-4F36-8663-7F279A654562}
		{45E224E1-0F66-4D11-8ED3-255FBBA1251F} = {DC6AA8F6-4C25-43F1-8B14-5213A7373B6A}
		{DBD0B37D-B6CC-4102-A39F-3431BCA3CEB3} = {9CF19716-AF3B-4AA7-A156-F349513668D1}
		{6CD946DF-3121-457A-93F3-751C55E41DEC} = {9CF19716-AF3B-4AA7-A156-F349513668D1}
		{BED751FA-854D-4FC4-833F-96BCC84F58CB} = {9CF19716-AF3B-4AA7-A156-F349513668D1}
		{A71E77F2-F377-4118-8B47-23286F6A1F2D} = {9CF19716-AF3B-4AA7-A156-F349513668D1}
		{FFCB3F47-17EB-40D5-9F28-E7F7E48E82A2} = {4415BA22-AB04-4B40-9556-9BEEC52B7680}
		{EACCF4B1-BAA7-4C41-9812-99339127450C} = {FFCB3F47-17EB-40D5-9F28-E7F7E48E82A2}
	EndGlobalSection
	GlobalSection(ExtensibilityGlobals) = postSolution
		SolutionGuid = {51C71476-2300-4E0F-B132-2DC45395862F}
	EndGlobalSection
EndGlobal
